<?xml version="1.0" encoding="utf-8"?>
<Project ToolsVersion="4.0" xmlns="http://schemas.microsoft.com/developer/msbuild/2003">
  <ItemGroup>
    <Filter Include="Source Files">
      <UniqueIdentifier>{4FC737F1-C7A5-4376-A066-2A32D752A2FF}</UniqueIdentifier>
      <Extensions>cpp;c;cc;cxx;def;odl;idl;hpj;bat;asm;asmx</Extensions>
    </Filter>
    <Filter Include="Header Files">
      <UniqueIdentifier>{93995380-89BD-4b04-88EB-625FBE52EBFB}</UniqueIdentifier>
      <Extensions>h;hpp;hxx;hm;inl;inc;xsd</Extensions>
    </Filter>
    <Filter Include="Resource Files">
      <UniqueIdentifier>{67DA6AB6-F800-4c08-8B7A-83BB121AAD01}</UniqueIdentifier>
      <Extensions>rc;ico;cur;bmp;dlg;rc2;rct;bin;rgs;gif;jpg;jpeg;jpe;resx;tiff;tif;png;wav;mfcribbon-ms</Extensions>
    </Filter>
    <Filter Include="Header Files\fwk">
      <UniqueIdentifier>{b75d5480-59eb-4463-ab4a-012356b1a2c8}</UniqueIdentifier>
    </Filter>
    <Filter Include="Source Files\fwk">
      <UniqueIdentifier>{fc7d7f32-9b6d-4cf2-963c-1b98c86cb3c9}</UniqueIdentifier>
    </Filter>
    <Filter Include="Header Files\clc">
      <UniqueIdentifier>{cc4e5378-c6cd-4d93-ad11-6140611063a4}</UniqueIdentifier>
    </Filter>
  </ItemGroup>
  <ItemGroup>
    <Text Include="ReadMe.txt" />
  </ItemGroup>
  <ItemGroup>
    <ClInclude Include="..\..\..\..\..\src\fwk\FwkActivity.h">
      <Filter>Header Files\fwk</Filter>
    </ClInclude>
    <ClInclude Include="..\..\..\..\..\src\fwk\FwkAgent.h">
      <Filter>Header Files\fwk</Filter>
    </ClInclude>
    <ClInclude Include="..\..\..\..\..\src\fwk\FwkAttribute.h">
      <Filter>Header Files\fwk</Filter>
    </ClInclude>
    <ClInclude Include="..\..\..\..\..\src\fwk\FwkAttributeId.h">
      <Filter>Header Files\fwk</Filter>
    </ClInclude>
    <ClInclude Include="..\..\..\..\..\src\fwk\FwkBaseNotifiee.h">
      <Filter>Header Files\fwk</Filter>
    </ClInclude>
    <ClInclude Include="..\..\..\..\..\src\fwk\FwkBasePtrCollection.h">
      <Filter>Header Files\fwk</Filter>
    </ClInclude>
    <ClInclude Include="..\..\..\..\..\src\fwk\FwkBasePtrIterator.h">
      <Filter>Header Files\fwk</Filter>
    </ClInclude>
    <ClInclude Include="..\..\..\..\..\src\fwk\FwkDirectory.h">
      <Filter>Header Files\fwk</Filter>
    </ClInclude>
    <ClInclude Include="..\..\..\..\..\src\fwk\FwkException.h">
      <Filter>Header Files\fwk</Filter>
    </ClInclude>
    <ClInclude Include="..\..\..\..\..\src\fwk\FwkName.h">
      <Filter>Header Files\fwk</Filter>
    </ClInclude>
    <ClInclude Include="..\..\..\..\..\src\fwk\FwkNamedInterface.h">
      <Filter>Header Files\fwk</Filter>
    </ClInclude>
    <ClInclude Include="..\..\..\..\..\src\fwk\FwkNullPointerException.h">
      <Filter>Header Files\fwk</Filter>
    </ClInclude>
    <ClInclude Include="..\..\..\..\..\src\fwk\FwkObject.h">
      <Filter>Header Files\fwk</Filter>
    </ClInclude>
    <ClInclude Include="..\..\..\..\..\src\fwk\FwkPtr.h">
      <Filter>Header Files\fwk</Filter>
    </ClInclude>
    <ClInclude Include="..\..\..\..\..\src\fwk\FwkPtrInterface.h">
      <Filter>Header Files\fwk</Filter>
    </ClInclude>
    <ClInclude Include="..\..\..\..\..\src\fwk\FwkRangeException.h">
      <Filter>Header Files\fwk</Filter>
    </ClInclude>
    <ClInclude Include="..\..\..\..\..\src\fwk\FwkRefCount.h">
      <Filter>Header Files\fwk</Filter>
    </ClInclude>
    <ClInclude Include="..\..\..\..\..\src\fwk\FwkRootNotifiee.h">
      <Filter>Header Files\fwk</Filter>
    </ClInclude>
    <ClInclude Include="..\..\..\..\..\src\fwk\FwkStringContents.h">
      <Filter>Header Files\fwk</Filter>
    </ClInclude>
    <ClInclude Include="..\..\..\..\..\src\fwk\FwkType.h">
      <Filter>Header Files\fwk</Filter>
    </ClInclude>
    <ClInclude Include="..\..\..\..\..\src\fwk\FwkValidPtr.h">
      <Filter>Header Files\fwk</Filter>
    </ClInclude>
    <ClInclude Include="..\..\..\..\..\src\fwk\FwkVersionException.h">
      <Filter>Header Files\fwk</Filter>
    </ClInclude>
    <ClInclude Include="..\..\..\..\..\src\clc\ClcArray.h">
      <Filter>Header Files\clc</Filter>
    </ClInclude>
    <ClInclude Include="..\..\..\..\..\src\clc\ClcArrayBinaryHeap.h">
      <Filter>Header Files\clc</Filter>
    </ClInclude>
    <ClInclude Include="..\..\..\..\..\src\clc\ClcLinkedBinarySearchTree.h">
      <Filter>Header Files\clc</Filter>
    </ClInclude>
    <ClInclude Include="..\..\..\..\..\src\clc\ClcLinkedBinomialHeap.h">
      <Filter>Header Files\clc</Filter>
    </ClInclude>
    <ClInclude Include="..\..\..\..\..\src\clc\ClcLinkedFibonacciHeap.h">
      <Filter>Header Files\clc</Filter>
    </ClInclude>
    <ClInclude Include="..\..\..\..\..\src\clc\ClcLinkedHashTable.h">
      <Filter>Header Files\clc</Filter>
    </ClInclude>
    <ClInclude Include="..\..\..\..\..\src\clc\ClcLinkedList.h">
      <Filter>Header Files\clc</Filter>
    </ClInclude>
    <ClInclude Include="..\..\..\..\..\src\fwk\FwkFactor.h">
      <Filter>Header Files\fwk</Filter>
    </ClInclude>
    <ClInclude Include="..\..\..\..\..\src\clc\ClcDoublyLinkedList.h">
      <Filter>Header Files\clc</Filter>
    </ClInclude>
    <ClInclude Include="..\..\..\..\..\src\fwk\FwkString.h">
      <Filter>Header Files\fwk</Filter>
    </ClInclude>
  </ItemGroup>
  <ItemGroup>
    <ClCompile Include="..\..\..\..\..\src\fwk\FwkName.cpp">
      <Filter>Source Files\fwk</Filter>
    </ClCompile>
  </ItemGroup>
</Project>